
Microsoft Visual Studio Solution File, Format Version 12.00
# Visual Studio Version 17
VisualStudioVersion = 17.2.32516.85
MinimumVisualStudioVersion = 10.0.40219.1
Project("{2150E333-8FDC-42A3-9474-1A3956D46DE8}") = "src", "src", "{BF95B785-A8E8-4E42-93DC-A454E5E373D6}"
EndProject
Project("{2150E333-8FDC-42A3-9474-1A3956D46DE8}") = "tests", "tests", "{15536535-4DA0-403F-B2DA-9250D873A9B3}"
EndProject
Project("{FAE04EC0-301F-11D3-BF4B-00C04F79EFBC}") = "FC.Codeflix.Catalog.UnitTests", "tests\FC.Codeflix.Catalog.UnitTests\FC.Codeflix.Catalog.UnitTests.csproj", "{A0DF9AE1-5201-4FCB-A856-734536877A82}"
EndProject
Project("{FAE04EC0-301F-11D3-BF4B-00C04F79EFBC}") = "FC.Codeflix.Catalog.Domain", "src\FC.Codeflix.Catalog.Domain\FC.Codeflix.Catalog.Domain.csproj", "{AE538CA6-9350-4472-8EC0-19A681FDD44E}"
EndProject
Global
	GlobalSection(SolutionConfigurationPlatforms) = preSolution
		Debug|Any CPU = Debug|Any CPU
		Release|Any CPU = Release|Any CPU
	EndGlobalSection
	GlobalSection(ProjectConfigurationPlatforms) = postSolution
		{A0DF9AE1-5201-4FCB-A856-734536877A82}.Debug|Any CPU.ActiveCfg = Debug|Any CPU
		{A0DF9AE1-5201-4FCB-A856-734536877A82}.Debug|Any CPU.Build.0 = Debug|Any CPU
		{A0DF9AE1-5201-4FCB-A856-734536877A82}.Release|Any CPU.ActiveCfg = Release|Any CPU
		{A0DF9AE1-5201-4FCB-A856-734536877A82}.Release|Any CPU.Build.0 = Release|Any CPU
		{AE538CA6-9350-4472-8EC0-19A681FDD44E}.Debug|Any CPU.ActiveCfg = Debug|Any CPU
		{AE538CA6-9350-4472-8EC0-19A681FDD44E}.Debug|Any CPU.Build.0 = Debug|Any CPU
		{AE538CA6-9350-4472-8EC0-19A681FDD44E}.Release|Any CPU.ActiveCfg = Release|Any CPU
		{AE538CA6-9350-4472-8EC0-19A681FDD44E}.Release|Any CPU.Build.0 = Release|Any CPU
	EndGlobalSection
	GlobalSection(SolutionProperties) = preSolution
		HideSolutionNode = FALSE
	EndGlobalSection
	GlobalSection(NestedProjects) = preSolution
		{A0DF9AE1-5201-4FCB-A856-734536877A82} = {15536535-4DA0-403F-B2DA-9250D873A9B3}
		{AE538CA6-9350-4472-8EC0-19A681FDD44E} = {BF95B785-A8E8-4E42-93DC-A454E5E373D6}
	EndGlobalSection
	GlobalSection(ExtensibilityGlobals) = postSolution
		SolutionGuid = {2E5C1B26-3212-4705-A3B1-6A2C7E6A6779}
	EndGlobalSection
EndGlobal
